
Microsoft Visual Studio Solution File, Format Version 12.00
# Visual Studio Version 17
VisualStudioVersion = 17.9.34723.18
MinimumVisualStudioVersion = 10.0.40219.1
Project("{2150E333-8FDC-42A3-9474-1A3956D46DE8}") = "Src", "Src", "{CDFDE396-E5B1-41D9-A39F-F41474192711}"
EndProject
Project("{2150E333-8FDC-42A3-9474-1A3956D46DE8}") = "TVPlus.Domain", "TVPlus.Domain", "{DE815AD0-9FFC-4AFF-90CB-E6BEBBAD58C9}"
EndProject
Project("{2150E333-8FDC-42A3-9474-1A3956D46DE8}") = "TVPlus.Infrastructure", "TVPlus.Infrastructure", "{142CF5D8-756F-4F36-94E1-F7BF4A0F46BA}"
EndProject
Project("{2150E333-8FDC-42A3-9474-1A3956D46DE8}") = "TVPlus.WebApp", "TVPlus.WebApp", "{6DB71BF1-25A5-44E5-A7D4-16C257BD1C1A}"
EndProject
Project("{9A19103F-16F7-4668-BE54-9A1E7A4F7556}") = "TVPlus.Domain", "ITLATV.Domain\TVPlus.Domain.csproj", "{D093D4AF-5566-44FD-84CE-7A7971479528}"
EndProject
Project("{2150E333-8FDC-42A3-9474-1A3956D46DE8}") = "TVPlus.Application", "TVPlus.Application", "{5DEC6685-24B2-4E33-9846-49054659459C}"
EndProject
Project("{9A19103F-16F7-4668-BE54-9A1E7A4F7556}") = "TVPlus.Application", "ITLATV.Application\TVPlus.Application.csproj", "{DB1617C6-861E-45ED-85D0-D70A00A83C96}"
	ProjectSection(ProjectDependencies) = postProject
		{D093D4AF-5566-44FD-84CE-7A7971479528} = {D093D4AF-5566-44FD-84CE-7A7971479528}
	EndProjectSection
EndProject
Project("{9A19103F-16F7-4668-BE54-9A1E7A4F7556}") = "TVPlus.Web", "TVPlus.Web\TVPlus.Web.csproj", "{7875A271-1D39-4FCB-B641-151E0AF45E10}"
EndProject
Project("{9A19103F-16F7-4668-BE54-9A1E7A4F7556}") = "TVPlus.Infrastructure", "TVPlus.Infrastructure\TVPlus.Infrastructure.csproj", "{7C75CE84-E231-4D01-8B33-AD3CA8ACA1AA}"
EndProject
Global
	GlobalSection(SolutionConfigurationPlatforms) = preSolution
		Debug|Any CPU = Debug|Any CPU
		Release|Any CPU = Release|Any CPU
	EndGlobalSection
	GlobalSection(ProjectConfigurationPlatforms) = postSolution
		{D093D4AF-5566-44FD-84CE-7A7971479528}.Debug|Any CPU.ActiveCfg = Debug|Any CPU
		{D093D4AF-5566-44FD-84CE-7A7971479528}.Debug|Any CPU.Build.0 = Debug|Any CPU
		{D093D4AF-5566-44FD-84CE-7A7971479528}.Release|Any CPU.ActiveCfg = Release|Any CPU
		{D093D4AF-5566-44FD-84CE-7A7971479528}.Release|Any CPU.Build.0 = Release|Any CPU
		{DB1617C6-861E-45ED-85D0-D70A00A83C96}.Debug|Any CPU.ActiveCfg = Debug|Any CPU
		{DB1617C6-861E-45ED-85D0-D70A00A83C96}.Debug|Any CPU.Build.0 = Debug|Any CPU
		{DB1617C6-861E-45ED-85D0-D70A00A83C96}.Release|Any CPU.ActiveCfg = Release|Any CPU
		{DB1617C6-861E-45ED-85D0-D70A00A83C96}.Release|Any CPU.Build.0 = Release|Any CPU
		{7875A271-1D39-4FCB-B641-151E0AF45E10}.Debug|Any CPU.ActiveCfg = Debug|Any CPU
		{7875A271-1D39-4FCB-B641-151E0AF45E10}.Debug|Any CPU.Build.0 = Debug|Any CPU
		{7875A271-1D39-4FCB-B641-151E0AF45E10}.Release|Any CPU.ActiveCfg = Release|Any CPU
		{7875A271-1D39-4FCB-B641-151E0AF45E10}.Release|Any CPU.Build.0 = Release|Any CPU
		{7C75CE84-E231-4D01-8B33-AD3CA8ACA1AA}.Debug|Any CPU.ActiveCfg = Debug|Any CPU
		{7C75CE84-E231-4D01-8B33-AD3CA8ACA1AA}.Debug|Any CPU.Build.0 = Debug|Any CPU
		{7C75CE84-E231-4D01-8B33-AD3CA8ACA1AA}.Release|Any CPU.ActiveCfg = Release|Any CPU
		{7C75CE84-E231-4D01-8B33-AD3CA8ACA1AA}.Release|Any CPU.Build.0 = Release|Any CPU
	EndGlobalSection
	GlobalSection(SolutionProperties) = preSolution
		HideSolutionNode = FALSE
	EndGlobalSection
	GlobalSection(NestedProjects) = preSolution
		{DE815AD0-9FFC-4AFF-90CB-E6BEBBAD58C9} = {CDFDE396-E5B1-41D9-A39F-F41474192711}
		{142CF5D8-756F-4F36-94E1-F7BF4A0F46BA} = {CDFDE396-E5B1-41D9-A39F-F41474192711}
		{6DB71BF1-25A5-44E5-A7D4-16C257BD1C1A} = {CDFDE396-E5B1-41D9-A39F-F41474192711}
		{D093D4AF-5566-44FD-84CE-7A7971479528} = {DE815AD0-9FFC-4AFF-90CB-E6BEBBAD58C9}
		{5DEC6685-24B2-4E33-9846-49054659459C} = {CDFDE396-E5B1-41D9-A39F-F41474192711}
		{DB1617C6-861E-45ED-85D0-D70A00A83C96} = {5DEC6685-24B2-4E33-9846-49054659459C}
		{7875A271-1D39-4FCB-B641-151E0AF45E10} = {6DB71BF1-25A5-44E5-A7D4-16C257BD1C1A}
		{7C75CE84-E231-4D01-8B33-AD3CA8ACA1AA} = {142CF5D8-756F-4F36-94E1-F7BF4A0F46BA}
	EndGlobalSection
	GlobalSection(ExtensibilityGlobals) = postSolution
		SolutionGuid = {4328B162-119B-4DD8-9BCB-E39A471C9104}
	EndGlobalSection
EndGlobal
